
Microsoft Visual Studio Solution File, Format Version 12.00
# Visual Studio 14
VisualStudioVersion = 14.0.24720.0
MinimumVisualStudioVersion = 10.0.40219.1
Project("{F184B08F-C81C-45F6-A57F-5ABD9991F28F}") = "ResimYonetimModulu", "ResimYonetimModulu\ResimYonetimModulu.vbproj", "{B91D87DA-6691-49A6-B4ED-FFED2E1D741F}"
EndProject
Global
	GlobalSection(SolutionConfigurationPlatforms) = preSolution
		Debug|Any CPU = Debug|Any CPU
		Release|Any CPU = Release|Any CPU
	EndGlobalSection
	GlobalSection(ProjectConfigurationPlatforms) = postSolution
		{B91D87DA-6691-49A6-B4ED-FFED2E1D741F}.Debug|Any CPU.ActiveCfg = Debug|Any CPU
		{B91D87DA-6691-49A6-B4ED-FFED2E1D741F}.Debug|Any CPU.Build.0 = Debug|Any CPU
		{B91D87DA-6691-49A6-B4ED-FFED2E1D741F}.Release|Any CPU.ActiveCfg = Release|Any CPU
		{B91D87DA-6691-49A6-B4ED-FFED2E1D741F}.Release|Any CPU.Build.0 = Release|Any CPU
	EndGlobalSection
	GlobalSection(SolutionProperties) = preSolution
		HideSolutionNode = FALSE
	EndGlobalSection
EndGlobal
